
Microsoft Visual Studio Solution File, Format Version 12.00
# Visual Studio 15
VisualStudioVersion = 15.0.27130.2024
MinimumVisualStudioVersion = 10.0.40219.1
Project("{FAE04EC0-301F-11D3-BF4B-00C04F79EFBC}") = "SBDOOP", "SBDOOP\SBDOOP.csproj", "{71E24CE8-72B3-49B6-8DC6-762B037BD9AA}"
EndProject
Project("{9A19103F-16F7-4668-BE54-9A1E7A4F7556}") = "OOP2", "..\OOP2\OOP2\OOP2.csproj", "{739F1915-932C-48B4-848D-1DEC09C932A0}"
EndProject
Global
	GlobalSection(SolutionConfigurationPlatforms) = preSolution
		Debug|Any CPU = Debug|Any CPU
		Release|Any CPU = Release|Any CPU
	EndGlobalSection
	GlobalSection(ProjectConfigurationPlatforms) = postSolution
		{71E24CE8-72B3-49B6-8DC6-762B037BD9AA}.Debug|Any CPU.ActiveCfg = Debug|Any CPU
		{71E24CE8-72B3-49B6-8DC6-762B037BD9AA}.Debug|Any CPU.Build.0 = Debug|Any CPU
		{71E24CE8-72B3-49B6-8DC6-762B037BD9AA}.Release|Any CPU.ActiveCfg = Release|Any CPU
		{71E24CE8-72B3-49B6-8DC6-762B037BD9AA}.Release|Any CPU.Build.0 = Release|Any CPU
		{739F1915-932C-48B4-848D-1DEC09C932A0}.Debug|Any CPU.ActiveCfg = Debug|Any CPU
		{739F1915-932C-48B4-848D-1DEC09C932A0}.Debug|Any CPU.Build.0 = Debug|Any CPU
		{739F1915-932C-48B4-848D-1DEC09C932A0}.Release|Any CPU.ActiveCfg = Release|Any CPU
		{739F1915-932C-48B4-848D-1DEC09C932A0}.Release|Any CPU.Build.0 = Release|Any CPU
	EndGlobalSection
	GlobalSection(SolutionProperties) = preSolution
		HideSolutionNode = FALSE
	EndGlobalSection
	GlobalSection(ExtensibilityGlobals) = postSolution
		SolutionGuid = {4C3D1C8A-2B4F-4D47-9703-EE178B0B23E1}
	EndGlobalSection
EndGlobal
